
Microsoft Visual Studio Solution File, Format Version 12.00
# Visual Studio Version 16
VisualStudioVersion = 16.0.32413.511
MinimumVisualStudioVersion = 10.0.40219.1
Project("{FAE04EC0-301F-11D3-BF4B-00C04F79EFBC}") = "Calculator", "Calculator\Calculator.csproj", "{39941B6A-E35B-4A3D-BCB2-CACD624D8395}"
EndProject
Global
	GlobalSection(SolutionConfigurationPlatforms) = preSolution
		Debug|Any CPU = Debug|Any CPU
		Release|Any CPU = Release|Any CPU
	EndGlobalSection
	GlobalSection(ProjectConfigurationPlatforms) = postSolution
		{39941B6A-E35B-4A3D-BCB2-CACD624D8395}.Debug|Any CPU.ActiveCfg = Debug|Any CPU
		{39941B6A-E35B-4A3D-BCB2-CACD624D8395}.Debug|Any CPU.Build.0 = Debug|Any CPU
		{39941B6A-E35B-4A3D-BCB2-CACD624D8395}.Release|Any CPU.ActiveCfg = Release|Any CPU
		{39941B6A-E35B-4A3D-BCB2-CACD624D8395}.Release|Any CPU.Build.0 = Release|Any CPU
	EndGlobalSection
	GlobalSection(SolutionProperties) = preSolution
		HideSolutionNode = FALSE
	EndGlobalSection
	GlobalSection(ExtensibilityGlobals) = postSolution
		SolutionGuid = {EFAA82E2-5759-4FDE-A478-A5D5813DD745}
	EndGlobalSection
EndGlobal
